
Microsoft Visual Studio Solution File, Format Version 12.00
# Visual Studio Version 17
VisualStudioVersion = 17.10.35122.118
MinimumVisualStudioVersion = 10.0.40219.1
Project("{FAE04EC0-301F-11D3-BF4B-00C04F79EFBC}") = "FlightTest", "FlightTest\FlightTest.csproj", "{94C23491-1262-4E65-8BFD-8FB6D8EAE9A5}"
EndProject
Project("{FAE04EC0-301F-11D3-BF4B-00C04F79EFBC}") = "Domain.Tests", "Domain.Tests\Domain.Tests.csproj", "{F639D89A-E461-4985-BB5B-D9701DFF1AD0}"
EndProject
Global
	GlobalSection(SolutionConfigurationPlatforms) = preSolution
		Debug|Any CPU = Debug|Any CPU
		Release|Any CPU = Release|Any CPU
	EndGlobalSection
	GlobalSection(ProjectConfigurationPlatforms) = postSolution
		{94C23491-1262-4E65-8BFD-8FB6D8EAE9A5}.Debug|Any CPU.ActiveCfg = Debug|Any CPU
		{94C23491-1262-4E65-8BFD-8FB6D8EAE9A5}.Debug|Any CPU.Build.0 = Debug|Any CPU
		{94C23491-1262-4E65-8BFD-8FB6D8EAE9A5}.Release|Any CPU.ActiveCfg = Release|Any CPU
		{94C23491-1262-4E65-8BFD-8FB6D8EAE9A5}.Release|Any CPU.Build.0 = Release|Any CPU
		{F639D89A-E461-4985-BB5B-D9701DFF1AD0}.Debug|Any CPU.ActiveCfg = Debug|Any CPU
		{F639D89A-E461-4985-BB5B-D9701DFF1AD0}.Debug|Any CPU.Build.0 = Debug|Any CPU
		{F639D89A-E461-4985-BB5B-D9701DFF1AD0}.Release|Any CPU.ActiveCfg = Release|Any CPU
		{F639D89A-E461-4985-BB5B-D9701DFF1AD0}.Release|Any CPU.Build.0 = Release|Any CPU
	EndGlobalSection
	GlobalSection(SolutionProperties) = preSolution
		HideSolutionNode = FALSE
	EndGlobalSection
	GlobalSection(ExtensibilityGlobals) = postSolution
		SolutionGuid = {9F4229B0-74B2-45B1-8297-4631E1D2B6E3}
	EndGlobalSection
EndGlobal
